// !$*UTF8*$!
{
	archiveVersion = 1;
	classes = {
	};
	objectVersion = 77;
	objects = {

/* Begin PBXContainerItemProxy section */
		2AA3FAFB2F29A47B00194DE9 /* PBXContainerItemProxy */ = {
			isa = PBXContainerItemProxy;
			containerPortal = 2AA3FAE52F29A47A00194DE9 /* Project object */;
			proxyType = 1;
			remoteGlobalIDString = 2AA3FAEC2F29A47A00194DE9;
			remoteInfo = Brno;
		};
		2AA3FB052F29A47B00194DE9 /* PBXContainerItemProxy */ = {
			isa = PBXContainerItemProxy;
			containerPortal = 2AA3FAE52F29A47A00194DE9 /* Project object */;
			proxyType = 1;
			remoteGlobalIDString = 2AA3FAEC2F29A47A00194DE9;
			remoteInfo = Brno;
		};
/* End PBXContainerItemProxy section */

/* Begin PBXFileReference section */
		2AA3FAED2F29A47A00194DE9 /* Wasted Brno.app */ = {isa = PBXFileReference; explicitFileType = wrapper.application; includeInIndex = 0; path = "Wasted Brno.app"; sourceTree = BUILT_PRODUCTS_DIR; };
		2AA3FAFA2F29A47B00194DE9 /* Wasted BrnoTests.xctest */ = {isa = PBXFileReference; explicitFileType = wrapper.cfbundle; includeInIndex = 0; path = "Wasted BrnoTests.xctest"; sourceTree = BUILT_PRODUCTS_DIR; };
		2AA3FB042F29A47B00194DE9 /* Wasted BrnoUITests.xctest */ = {isa = PBXFileReference; explicitFileType = wrapper.cfbundle; includeInIndex = 0; path = "Wasted BrnoUITests.xctest"; sourceTree = BUILT_PRODUCTS_DIR; };
/* End PBXFileReference section */

/* Begin PBXFileSystemSynchronizedBuildFileExceptionSet section */
		2A1ECC9C2F398D6100A12850 /* Exceptions for "WastedBrno" folder in "Wasted Brno" target */ = {
			isa = PBXFileSystemSynchronizedBuildFileExceptionSet;
			membershipExceptions = (
				Info.plist,
			);
			target = 2AA3FAEC2F29A47A00194DE9 /* Wasted Brno */;
		};
/* End PBXFileSystemSynchronizedBuildFileExceptionSet section */

/* Begin PBXFileSystemSynchronizedRootGroup section */
		2AA3FAEF2F29A47A00194DE9 /* WastedBrno */ = {
			isa = PBXFileSystemSynchronizedRootGroup;
			exceptions = (
				2A1ECC9C2F398D6100A12850 /* Exceptions for "WastedBrno" folder in "Wasted Brno" target */,
			);
			path = WastedBrno;
			sourceTree = "<group>";
		};
		2AA3FAFD2F29A47B00194DE9 /* WastedBrnoTests */ = {
			isa = PBXFileSystemSynchronizedRootGroup;
			path = WastedBrnoTests;
			sourceTree = "<group>";
		};
		2AA3FB072F29A47B00194DE9 /* WastedBrnoUITests */ = {
			isa = PBXFileSystemSynchronizedRootGroup;
			path = WastedBrnoUITests;
			sourceTree = "<group>";
		};
/* End PBXFileSystemSynchronizedRootGroup section */

/* Begin PBXFrameworksBuildPhase section */
		2AA3FAEA2F29A47A00194DE9 /* Frameworks */ = {
			isa = PBXFrameworksBuildPhase;
			buildActionMask = 2147483647;
			files = (
			);
			runOnlyForDeploymentPostprocessing = 0;
		};
		2AA3FAF72F29A47B00194DE9 /* Frameworks */ = {
			isa = PBXFrameworksBuildPhase;
			buildActionMask = 2147483647;
			files = (
			);
			runOnlyForDeploymentPostprocessing = 0;
		};
		2AA3FB012F29A47B00194DE9 /* Frameworks */ = {
			isa = PBXFrameworksBuildPhase;
			buildActionMask = 2147483647;
			files = (
			);
			runOnlyForDeploymentPostprocessing = 0;
		};
/* End PBXFrameworksBuildPhase section */

/* Begin PBXGroup section */
		2AA3FAE42F29A47A00194DE9 = {
			isa = PBXGroup;
			children = (
				2AA3FAEF2F29A47A00194DE9 /* WastedBrno */,
				2AA3FAFD2F29A47B00194DE9 /* WastedBrnoTests */,
				2AA3FB072F29A47B00194DE9 /* WastedBrnoUITests */,
				2AA3FAEE2F29A47A00194DE9 /* Products */,
			);
			sourceTree = "<group>";
		};
		2AA3FAEE2F29A47A00194DE9 /* Products */ = {
			isa = PBXGroup;
			children = (
				2AA3FAED2F29A47A00194DE9 /* Wasted Brno.app */,
				2AA3FAFA2F29A47B00194DE9 /* Wasted BrnoTests.xctest */,
				2AA3FB042F29A47B00194DE9 /* Wasted BrnoUITests.xctest */,
			);
			name = Products;
			sourceTree = "<group>";
		};
/* End PBXGroup section */

/* Begin PBXNativeTarget section */
		2AA3FAEC2F29A47A00194DE9 /* Wasted Brno */ = {
			isa = PBXNativeTarget;
			buildConfigurationList = 2AA3FB0E2F29A47B00194DE9 /* Build configuration list for PBXNativeTarget "Wasted Brno" */;
			buildPhases = (
				2AA3FAE92F29A47A00194DE9 /* Sources */,
				2AA3FAEA2F29A47A00194DE9 /* Frameworks */,
				2AA3FAEB2F29A47A00194DE9 /* Resources */,
			);
			buildRules = (
			);
			dependencies = (
			);
			fileSystemSynchronizedGroups = (
				2AA3FAEF2F29A47A00194DE9 /* WastedBrno */,
			);
			name = "Wasted Brno";
			packageProductDependencies = (
			);
			productName = Brno;
			productReference = 2AA3FAED2F29A47A00194DE9 /* Wasted Brno.app */;
			productType = "com.apple.product-type.application";
		};
		2AA3FAF92F29A47B00194DE9 /* Wasted BrnoTests */ = {
			isa = PBXNativeTarget;
			buildConfigurationList = 2AA3FB112F29A47B00194DE9 /* Build configuration list for PBXNativeTarget "Wasted BrnoTests" */;
			buildPhases = (
				2AA3FAF62F29A47B00194DE9 /* Sources */,
				2AA3FAF72F29A47B00194DE9 /* Frameworks */,
				2AA3FAF82F29A47B00194DE9 /* Resources */,
			);
			buildRules = (
			);
			dependencies = (
				2AA3FAFC2F29A47B00194DE9 /* PBXTargetDependency */,
			);
			fileSystemSynchronizedGroups = (
				2AA3FAFD2F29A47B00194DE9 /* WastedBrnoTests */,
			);
			name = "Wasted BrnoTests";
			packageProductDependencies = (
			);
			productName = BrnoTests;
			productReference = 2AA3FAFA2F29A47B00194DE9 /* Wasted BrnoTests.xctest */;
			productType = "com.apple.product-type.bundle.unit-test";
		};
		2AA3FB032F29A47B00194DE9 /* Wasted BrnoUITests */ = {
			isa = PBXNativeTarget;
			buildConfigurationList = 2AA3FB142F29A47B00194DE9 /* Build configuration list for PBXNativeTarget "Wasted BrnoUITests" */;
			buildPhases = (
				2AA3FB002F29A47B00194DE9 /* Sources */,
				2AA3FB012F29A47B00194DE9 /* Frameworks */,
				2AA3FB022F29A47B00194DE9 /* Resources */,
			);
			buildRules = (
			);
			dependencies = (
				2AA3FB062F29A47B00194DE9 /* PBXTargetDependency */,
			);
			fileSystemSynchronizedGroups = (
				2AA3FB072F29A47B00194DE9 /* WastedBrnoUITests */,
			);
			name = "Wasted BrnoUITests";
			packageProductDependencies = (
			);
			productName = BrnoUITests;
			productReference = 2AA3FB042F29A47B00194DE9 /* Wasted BrnoUITests.xctest */;
			productType = "com.apple.product-type.bundle.ui-testing";
		};
/* End PBXNativeTarget section */

/* Begin PBXProject section */
		2AA3FAE52F29A47A00194DE9 /* Project object */ = {
			isa = PBXProject;
			attributes = {
				BuildIndependentTargetsInParallel = 1;
				LastSwiftUpdateCheck = 1640;
				LastUpgradeCheck = 2620;
				TargetAttributes = {
					2AA3FAEC2F29A47A00194DE9 = {
						CreatedOnToolsVersion = 16.4;
					};
					2AA3FAF92F29A47B00194DE9 = {
						CreatedOnToolsVersion = 16.4;
						TestTargetID = 2AA3FAEC2F29A47A00194DE9;
					};
					2AA3FB032F29A47B00194DE9 = {
						CreatedOnToolsVersion = 16.4;
						TestTargetID = 2AA3FAEC2F29A47A00194DE9;
					};
				};
			};
			buildConfigurationList = 2AA3FAE82F29A47A00194DE9 /* Build configuration list for PBXProject "Wasted Brno" */;
			developmentRegion = en;
			hasScannedForEncodings = 0;
			knownRegions = (
				en,
				Base,
			);
			mainGroup = 2AA3FAE42F29A47A00194DE9;
			minimizedProjectReferenceProxies = 1;
			preferredProjectObjectVersion = 77;
			productRefGroup = 2AA3FAEE2F29A47A00194DE9 /* Products */;
			projectDirPath = "";
			projectRoot = "";
			targets = (
				2AA3FAEC2F29A47A00194DE9 /* Wasted Brno */,
				2AA3FAF92F29A47B00194DE9 /* Wasted BrnoTests */,
				2AA3FB032F29A47B00194DE9 /* Wasted BrnoUITests */,
			);
		};
/* End PBXProject section */

/* Begin PBXResourcesBuildPhase section */
		2AA3FAEB2F29A47A00194DE9 /* Resources */ = {
			isa = PBXResourcesBuildPhase;
			buildActionMask = 2147483647;
			files = (
			);
			runOnlyForDeploymentPostprocessing = 0;
		};
		2AA3FAF82F29A47B00194DE9 /* Resources */ = {
			isa = PBXResourcesBuildPhase;
			buildActionMask = 2147483647;
			files = (
			);
			runOnlyForDeploymentPostprocessing = 0;
		};
		2AA3FB022F29A47B00194DE9 /* Resources */ = {
			isa = PBXResourcesBuildPhase;
			buildActionMask = 2147483647;
			files = (
			);
			runOnlyForDeploymentPostprocessing = 0;
		};
/* End PBXResourcesBuildPhase section */

/* Begin PBXSourcesBuildPhase section */
		2AA3FAE92F29A47A00194DE9 /* Sources */ = {
			isa = PBXSourcesBuildPhase;
			buildActionMask = 2147483647;
			files = (
			);
			runOnlyForDeploymentPostprocessing = 0;
		};
		2AA3FAF62F29A47B00194DE9 /* Sources */ = {
			isa = PBXSourcesBuildPhase;
			buildActionMask = 2147483647;
			files = (
			);
			runOnlyForDeploymentPostprocessing = 0;
		};
		2AA3FB002F29A47B00194DE9 /* Sources */ = {
			isa = PBXSourcesBuildPhase;
			buildActionMask = 2147483647;
			files = (
			);
			runOnlyForDeploymentPostprocessing = 0;
		};
/* End PBXSourcesBuildPhase section */

/* Begin PBXTargetDependency section */
		2AA3FAFC2F29A47B00194DE9 /* PBXTargetDependency */ = {
			isa = PBXTargetDependency;
			target = 2AA3FAEC2F29A47A00194DE9 /* Wasted Brno */;
			targetProxy = 2AA3FAFB2F29A47B00194DE9 /* PBXContainerItemProxy */;
		};
		2AA3FB062F29A47B00194DE9 /* PBXTargetDependency */ = {
			isa = PBXTargetDependency;
			target = 2AA3FAEC2F29A47A00194DE9 /* Wasted Brno */;
			targetProxy = 2AA3FB052F29A47B00194DE9 /* PBXContainerItemProxy */;
		};
/* End PBXTargetDependency section */

/* Begin XCBuildConfiguration section */
		2AA3FB0C2F29A47B00194DE9 /* Debug */ = {
			isa = XCBuildConfiguration;
			buildSettings = {
				ALWAYS_SEARCH_USER_PATHS = NO;
				ASSETCATALOG_COMPILER_GENERATE_SWIFT_ASSET_SYMBOL_EXTENSIONS = YES;
				CLANG_ANALYZER_NONNULL = YES;
				CLANG_ANALYZER_NUMBER_OBJECT_CONVERSION = YES_AGGRESSIVE;
				CLANG_CXX_LANGUAGE_STANDARD = "gnu++20";
				CLANG_ENABLE_MODULES = YES;
				CLANG_ENABLE_OBJC_ARC = YES;
				CLANG_ENABLE_OBJC_WEAK = YES;
				CLANG_WARN_BLOCK_CAPTURE_AUTORELEASING = YES;
				CLANG_WARN_BOOL_CONVERSION = YES;
				CLANG_WARN_COMMA = YES;
				CLANG_WARN_CONSTANT_CONVERSION = YES;
				CLANG_WARN_DEPRECATED_OBJC_IMPLEMENTATIONS = YES;
				CLANG_WARN_DIRECT_OBJC_ISA_USAGE = YES_ERROR;
				CLANG_WARN_DOCUMENTATION_COMMENTS = YES;
				CLANG_WARN_EMPTY_BODY = YES;
				CLANG_WARN_ENUM_CONVERSION = YES;
				CLANG_WARN_INFINITE_RECURSION = YES;
				CLANG_WARN_INT_CONVERSION = YES;
				CLANG_WARN_NON_LITERAL_NULL_CONVERSION = YES;
				CLANG_WARN_OBJC_IMPLICIT_RETAIN_SELF = YES;
				CLANG_WARN_OBJC_LITERAL_CONVERSION = YES;
				CLANG_WARN_OBJC_ROOT_CLASS = YES_ERROR;
				CLANG_WARN_QUOTED_INCLUDE_IN_FRAMEWORK_HEADER = YES;
				CLANG_WARN_RANGE_LOOP_ANALYSIS = YES;
				CLANG_WARN_STRICT_PROTOTYPES = YES;
				CLANG_WARN_SUSPICIOUS_MOVE = YES;
				CLANG_WARN_UNGUARDED_AVAILABILITY = YES_AGGRESSIVE;
				CLANG_WARN_UNREACHABLE_CODE = YES;
				CLANG_WARN__DUPLICATE_METHOD_MATCH = YES;
				COPY_PHASE_STRIP = NO;
				DEBUG_INFORMATION_FORMAT = dwarf;
				DEVELOPMENT_TEAM = J42JFKHY6Z;
				ENABLE_STRICT_OBJC_MSGSEND = YES;
				ENABLE_TESTABILITY = YES;
				ENABLE_USER_SCRIPT_SANDBOXING = YES;
				GCC_C_LANGUAGE_STANDARD = gnu17;
				GCC_DYNAMIC_NO_PIC = NO;
				GCC_NO_COMMON_BLOCKS = YES;
				GCC_OPTIMIZATION_LEVEL = 0;
				GCC_PREPROCESSOR_DEFINITIONS = (
					"DEBUG=1",
					"$(inherited)",
				);
				GCC_WARN_64_TO_32_BIT_CONVERSION = YES;
				GCC_WARN_ABOUT_RETURN_TYPE = YES_ERROR;
				GCC_WARN_UNDECLARED_SELECTOR = YES;
				GCC_WARN_UNINITIALIZED_AUTOS = YES_AGGRESSIVE;
				GCC_WARN_UNUSED_FUNCTION = YES;
				GCC_WARN_UNUSED_VARIABLE = YES;
				IPHONEOS_DEPLOYMENT_TARGET = 18.5;
				LOCALIZATION_PREFERS_STRING_CATALOGS = YES;
				MTL_ENABLE_DEBUG_INFO = INCLUDE_SOURCE;
				MTL_FAST_MATH = YES;
				ONLY_ACTIVE_ARCH = YES;
				SDKROOT = iphoneos;
				STRING_CATALOG_GENERATE_SYMBOLS = YES;
				SWIFT_ACTIVE_COMPILATION_CONDITIONS = "DEBUG $(inherited)";
				SWIFT_OPTIMIZATION_LEVEL = "-Onone";
			};
			name = Debug;
		};
		2AA3FB0D2F29A47B00194DE9 /* Release */ = {
			isa = XCBuildConfiguration;
			buildSettings = {
				ALWAYS_SEARCH_USER_PATHS = NO;
				ASSETCATALOG_COMPILER_GENERATE_SWIFT_ASSET_SYMBOL_EXTENSIONS = YES;
				CLANG_ANALYZER_NONNULL = YES;
				CLANG_ANALYZER_NUMBER_OBJECT_CONVERSION = YES_AGGRESSIVE;
				CLANG_CXX_LANGUAGE_STANDARD = "gnu++20";
				CLANG_ENABLE_MODULES = YES;
				CLANG_ENABLE_OBJC_ARC = YES;
				CLANG_ENABLE_OBJC_WEAK = YES;
				CLANG_WARN_BLOCK_CAPTURE_AUTORELEASING = YES;
				CLANG_WARN_BOOL_CONVERSION = YES;
				CLANG_WARN_COMMA = YES;
				CLANG_WARN_CONSTANT_CONVERSION = YES;
				CLANG_WARN_DEPRECATED_OBJC_IMPLEMENTATIONS = YES;
				CLANG_WARN_DIRECT_OBJC_ISA_USAGE = YES_ERROR;
				CLANG_WARN_DOCUMENTATION_COMMENTS = YES;
				CLANG_WARN_EMPTY_BODY = YES;
				CLANG_WARN_ENUM_CONVERSION = YES;
				CLANG_WARN_INFINITE_RECURSION = YES;
				CLANG_WARN_INT_CONVERSION = YES;
				CLANG_WARN_NON_LITERAL_NULL_CONVERSION = YES;
				CLANG_WARN_OBJC_IMPLICIT_RETAIN_SELF = YES;
				CLANG_WARN_OBJC_LITERAL_CONVERSION = YES;
				CLANG_WARN_OBJC_ROOT_CLASS = YES_ERROR;
				CLANG_WARN_QUOTED_INCLUDE_IN_FRAMEWORK_HEADER = YES;
				CLANG_WARN_RANGE_LOOP_ANALYSIS = YES;
				CLANG_WARN_STRICT_PROTOTYPES = YES;
				CLANG_WARN_SUSPICIOUS_MOVE = YES;
				CLANG_WARN_UNGUARDED_AVAILABILITY = YES_AGGRESSIVE;
				CLANG_WARN_UNREACHABLE_CODE = YES;
				CLANG_WARN__DUPLICATE_METHOD_MATCH = YES;
				COPY_PHASE_STRIP = NO;
				DEBUG_INFORMATION_FORMAT = "dwarf-with-dsym";
				DEVELOPMENT_TEAM = J42JFKHY6Z;
				ENABLE_NS_ASSERTIONS = NO;
				ENABLE_STRICT_OBJC_MSGSEND = YES;
				ENABLE_USER_SCRIPT_SANDBOXING = YES;
				GCC_C_LANGUAGE_STANDARD = gnu17;
				GCC_NO_COMMON_BLOCKS = YES;
				GCC_WARN_64_TO_32_BIT_CONVERSION = YES;
				GCC_WARN_ABOUT_RETURN_TYPE = YES_ERROR;
				GCC_WARN_UNDECLARED_SELECTOR = YES;
				GCC_WARN_UNINITIALIZED_AUTOS = YES_AGGRESSIVE;
				GCC_WARN_UNUSED_FUNCTION = YES;
				GCC_WARN_UNUSED_VARIABLE = YES;
				IPHONEOS_DEPLOYMENT_TARGET = 18.5;
				LOCALIZATION_PREFERS_STRING_CATALOGS = YES;
				MTL_ENABLE_DEBUG_INFO = NO;
				MTL_FAST_MATH = YES;
				SDKROOT = iphoneos;
				STRING_CATALOG_GENERATE_SYMBOLS = YES;
				SWIFT_COMPILATION_MODE = wholemodule;
				VALIDATE_PRODUCT = YES;
			};
			name = Release;
		};
		2AA3FB0F2F29A47B00194DE9 /* Debug */ = {
			isa = XCBuildConfiguration;
			buildSettings = {
				ASSETCATALOG_COMPILER_APPICON_NAME = AppIcon;
				ASSETCATALOG_COMPILER_GLOBAL_ACCENT_COLOR_NAME = AccentColor;
				CODE_SIGN_STYLE = Automatic;
				CURRENT_PROJECT_VERSION = 1;
				DEVELOPMENT_TEAM = J42JFKHY6Z;
				ENABLE_PREVIEWS = YES;
				GENERATE_INFOPLIST_FILE = YES;
				INFOPLIST_FILE = WastedBrno/Info.plist;
				INFOPLIST_KEY_CFBundleDisplayName = "";
				INFOPLIST_KEY_LSApplicationCategoryType = "";
				INFOPLIST_KEY_NSLocationWhenInUseUsageDescription = "Aplikace potřebuje vaši polohu pro zobrazení mapy odpadových kontejnerů v Brně";
				INFOPLIST_KEY_UIApplicationSceneManifest_Generation = YES;
				INFOPLIST_KEY_UIApplicationSupportsIndirectInputEvents = YES;
				INFOPLIST_KEY_UILaunchScreen_Generation = YES;
				INFOPLIST_KEY_UISupportedInterfaceOrientations_iPad = "UIInterfaceOrientationPortrait UIInterfaceOrientationPortraitUpsideDown UIInterfaceOrientationLandscapeLeft UIInterfaceOrientationLandscapeRight";
				INFOPLIST_KEY_UISupportedInterfaceOrientations_iPhone = "UIInterfaceOrientationPortrait UIInterfaceOrientationLandscapeLeft UIInterfaceOrientationLandscapeRight";
				LD_RUNPATH_SEARCH_PATHS = (
					"$(inherited)",
					"@executable_path/Frameworks",
				);
				MARKETING_VERSION = 1.0;
				PRODUCT_BUNDLE_IDENTIFIER = com.WastedBrno;
				PRODUCT_NAME = "$(TARGET_NAME)";
				SWIFT_EMIT_LOC_STRINGS = YES;
				SWIFT_VERSION = 5.0;
				TARGETED_DEVICE_FAMILY = "1,2";
			};
			name = Debug;
		};
		2AA3FB102F29A47B00194DE9 /* Release */ = {
			isa = XCBuildConfiguration;
			buildSettings = {
				ASSETCATALOG_COMPILER_APPICON_NAME = AppIcon;
				ASSETCATALOG_COMPILER_GLOBAL_ACCENT_COLOR_NAME = AccentColor;
				CODE_SIGN_STYLE = Automatic;
				CURRENT_PROJECT_VERSION = 1;
				DEVELOPMENT_TEAM = J42JFKHY6Z;
				ENABLE_PREVIEWS = YES;
				GENERATE_INFOPLIST_FILE = YES;
				INFOPLIST_FILE = WastedBrno/Info.plist;
				INFOPLIST_KEY_CFBundleDisplayName = "";
				INFOPLIST_KEY_LSApplicationCategoryType = "";
				INFOPLIST_KEY_NSLocationWhenInUseUsageDescription = "Aplikace potřebuje vaši polohu pro zobrazení mapy odpadových kontejnerů v Brně";
				INFOPLIST_KEY_UIApplicationSceneManifest_Generation = YES;
				INFOPLIST_KEY_UIApplicationSupportsIndirectInputEvents = YES;
				INFOPLIST_KEY_UILaunchScreen_Generation = YES;
				INFOPLIST_KEY_UISupportedInterfaceOrientations_iPad = "UIInterfaceOrientationPortrait UIInterfaceOrientationPortraitUpsideDown UIInterfaceOrientationLandscapeLeft UIInterfaceOrientationLandscapeRight";
				INFOPLIST_KEY_UISupportedInterfaceOrientations_iPhone = "UIInterfaceOrientationPortrait UIInterfaceOrientationLandscapeLeft UIInterfaceOrientationLandscapeRight";
				LD_RUNPATH_SEARCH_PATHS = (
					"$(inherited)",
					"@executable_path/Frameworks",
				);
				MARKETING_VERSION = 1.0;
				PRODUCT_BUNDLE_IDENTIFIER = com.WastedBrno;
				PRODUCT_NAME = "$(TARGET_NAME)";
				SWIFT_EMIT_LOC_STRINGS = YES;
				SWIFT_VERSION = 5.0;
				TARGETED_DEVICE_FAMILY = "1,2";
			};
			name = Release;
		};
		2AA3FB122F29A47B00194DE9 /* Debug */ = {
			isa = XCBuildConfiguration;
			buildSettings = {
				BUNDLE_LOADER = "$(TEST_HOST)";
				CODE_SIGN_STYLE = Automatic;
				CURRENT_PROJECT_VERSION = 1;
				DEVELOPMENT_TEAM = J42JFKHY6Z;
				GENERATE_INFOPLIST_FILE = YES;
				IPHONEOS_DEPLOYMENT_TARGET = 18.5;
				MARKETING_VERSION = 1.0;
				PRODUCT_BUNDLE_IDENTIFIER = "-1.BrnoTests";
				PRODUCT_NAME = "$(TARGET_NAME)";
				SWIFT_EMIT_LOC_STRINGS = NO;
				SWIFT_VERSION = 5.0;
				TARGETED_DEVICE_FAMILY = "1,2";
				TEST_HOST = "$(BUILT_PRODUCTS_DIR)/Wasted Brno.app/$(BUNDLE_EXECUTABLE_FOLDER_PATH)/Wasted Brno";
			};
			name = Debug;
		};
		2AA3FB132F29A47B00194DE9 /* Release */ = {
			isa = XCBuildConfiguration;
			buildSettings = {
				BUNDLE_LOADER = "$(TEST_HOST)";
				CODE_SIGN_STYLE = Automatic;
				CURRENT_PROJECT_VERSION = 1;
				DEVELOPMENT_TEAM = J42JFKHY6Z;
				GENERATE_INFOPLIST_FILE = YES;
				IPHONEOS_DEPLOYMENT_TARGET = 18.5;
				MARKETING_VERSION = 1.0;
				PRODUCT_BUNDLE_IDENTIFIER = "-1.BrnoTests";
				PRODUCT_NAME = "$(TARGET_NAME)";
				SWIFT_EMIT_LOC_STRINGS = NO;
				SWIFT_VERSION = 5.0;
				TARGETED_DEVICE_FAMILY = "1,2";
				TEST_HOST = "$(BUILT_PRODUCTS_DIR)/Wasted Brno.app/$(BUNDLE_EXECUTABLE_FOLDER_PATH)/Wasted Brno";
			};
			name = Release;
		};
		2AA3FB152F29A47B00194DE9 /* Debug */ = {
			isa = XCBuildConfiguration;
			buildSettings = {
				CODE_SIGN_STYLE = Automatic;
				CURRENT_PROJECT_VERSION = 1;
				DEVELOPMENT_TEAM = J42JFKHY6Z;
				GENERATE_INFOPLIST_FILE = YES;
				MARKETING_VERSION = 1.0;
				PRODUCT_BUNDLE_IDENTIFIER = "-1.BrnoUITests";
				PRODUCT_NAME = "$(TARGET_NAME)";
				SWIFT_EMIT_LOC_STRINGS = NO;
				SWIFT_VERSION = 5.0;
				TARGETED_DEVICE_FAMILY = "1,2";
				TEST_TARGET_NAME = Brno;
			};
			name = Debug;
		};
		2AA3FB162F29A47B00194DE9 /* Release */ = {
			isa = XCBuildConfiguration;
			buildSettings = {
				CODE_SIGN_STYLE = Automatic;
				CURRENT_PROJECT_VERSION = 1;
				DEVELOPMENT_TEAM = J42JFKHY6Z;
				GENERATE_INFOPLIST_FILE = YES;
				MARKETING_VERSION = 1.0;
				PRODUCT_BUNDLE_IDENTIFIER = "-1.BrnoUITests";
				PRODUCT_NAME = "$(TARGET_NAME)";
				SWIFT_EMIT_LOC_STRINGS = NO;
				SWIFT_VERSION = 5.0;
				TARGETED_DEVICE_FAMILY = "1,2";
				TEST_TARGET_NAME = Brno;
			};
			name = Release;
		};
/* End XCBuildConfiguration section */

/* Begin XCConfigurationList section */
		2AA3FAE82F29A47A00194DE9 /* Build configuration list for PBXProject "Wasted Brno" */ = {
			isa = XCConfigurationList;
			buildConfigurations = (
				2AA3FB0C2F29A47B00194DE9 /* Debug */,
				2AA3FB0D2F29A47B00194DE9 /* Release */,
			);
			defaultConfigurationIsVisible = 0;
			defaultConfigurationName = Release;
		};
		2AA3FB0E2F29A47B00194DE9 /* Build configuration list for PBXNativeTarget "Wasted Brno" */ = {
			isa = XCConfigurationList;
			buildConfigurations = (
				2AA3FB0F2F29A47B00194DE9 /* Debug */,
				2AA3FB102F29A47B00194DE9 /* Release */,
			);
			defaultConfigurationIsVisible = 0;
			defaultConfigurationName = Release;
		};
		2AA3FB112F29A47B00194DE9 /* Build configuration list for PBXNativeTarget "Wasted BrnoTests" */ = {
			isa = XCConfigurationList;
			buildConfigurations = (
				2AA3FB122F29A47B00194DE9 /* Debug */,
				2AA3FB132F29A47B00194DE9 /* Release */,
			);
			defaultConfigurationIsVisible = 0;
			defaultConfigurationName = Release;
		};
		2AA3FB142F29A47B00194DE9 /* Build configuration list for PBXNativeTarget "Wasted BrnoUITests" */ = {
			isa = XCConfigurationList;
			buildConfigurations = (
				2AA3FB152F29A47B00194DE9 /* Debug */,
				2AA3FB162F29A47B00194DE9 /* Release */,
			);
			defaultConfigurationIsVisible = 0;
			defaultConfigurationName = Release;
		};
/* End XCConfigurationList section */
	};
	rootObject = 2AA3FAE52F29A47A00194DE9 /* Project object */;
}
