// !$*UTF8*$!
{
	archiveVersion = 1;
	classes = {
	};
	objectVersion = 77;
	objects = {

/* Begin PBXBuildFile section */
		2AACDA1C2F5E6DF100E624E1 /* Brno.gpx in Resources */ = {isa = PBXBuildFile; fileRef = 2AACDA182F5E6DF100E624E1 /* Brno.gpx */; };
		2AACDA1E2F5E6DF100E624E1 /* WasteKindData.json in Resources */ = {isa = PBXBuildFile; fileRef = 2AACD9F42F5E6DF100E624E1 /* WasteKindData.json */; };
		2AACDA1F2F5E6DF100E624E1 /* Assets.xcassets in Resources */ = {isa = PBXBuildFile; fileRef = 2AACDA172F5E6DF100E624E1 /* Assets.xcassets */; };
		2AACDA202F5E6DF100E624E1 /* ShapeHelpers.swift in Sources */ = {isa = PBXBuildFile; fileRef = 2AACDA002F5E6DF100E624E1 /* ShapeHelpers.swift */; };
		2AACDA212F5E6DF100E624E1 /* StationPin.swift in Sources */ = {isa = PBXBuildFile; fileRef = 2AACDA012F5E6DF100E624E1 /* StationPin.swift */; };
		2AACDA222F5E6DF100E624E1 /* WasteDetailView.swift in Sources */ = {isa = PBXBuildFile; fileRef = 2AACDA0D2F5E6DF100E624E1 /* WasteDetailView.swift */; };
		2AACDA232F5E6DF100E624E1 /* AppView.swift in Sources */ = {isa = PBXBuildFile; fileRef = 2AACDA152F5E6DF100E624E1 /* AppView.swift */; };
		2AACDA242F5E6DF100E624E1 /* SwipeIndicator.swift in Sources */ = {isa = PBXBuildFile; fileRef = 2AACDA052F5E6DF100E624E1 /* SwipeIndicator.swift */; };
		2AACDA252F5E6DF100E624E1 /* BrnoView.swift in Sources */ = {isa = PBXBuildFile; fileRef = 2AACDA102F5E6DF100E624E1 /* BrnoView.swift */; };
		2AACDA262F5E6DF100E624E1 /* MapActionButtons.swift in Sources */ = {isa = PBXBuildFile; fileRef = 2AACD9FE2F5E6DF100E624E1 /* MapActionButtons.swift */; };
		2AACDA272F5E6DF100E624E1 /* ButtonStyles.swift in Sources */ = {isa = PBXBuildFile; fileRef = 2AACD9FC2F5E6DF100E624E1 /* ButtonStyles.swift */; };
		2AACDA282F5E6DF100E624E1 /* LocationManager.swift in Sources */ = {isa = PBXBuildFile; fileRef = 2AACD9F92F5E6DF100E624E1 /* LocationManager.swift */; };
		2AACDA292F5E6DF100E624E1 /* AppViewModel.swift in Sources */ = {isa = PBXBuildFile; fileRef = 2AACDA082F5E6DF100E624E1 /* AppViewModel.swift */; };
		2AACDA2A2F5E6DF100E624E1 /* WasteStatsChart.swift in Sources */ = {isa = PBXBuildFile; fileRef = 2AACDA0E2F5E6DF100E624E1 /* WasteStatsChart.swift */; };
		2AACDA2B2F5E6DF100E624E1 /* WasteStation.swift in Sources */ = {isa = PBXBuildFile; fileRef = 2AACD9F52F5E6DF100E624E1 /* WasteStation.swift */; };
		2AACDA2C2F5E6DF100E624E1 /* InfoViewModel.swift in Sources */ = {isa = PBXBuildFile; fileRef = 2AACDA0A2F5E6DF100E624E1 /* InfoViewModel.swift */; };
		2AACDA2D2F5E6DF100E624E1 /* WelcomeView.swift in Sources */ = {isa = PBXBuildFile; fileRef = 2AACDA132F5E6DF100E624E1 /* WelcomeView.swift */; };
		2AACDA2E2F5E6DF100E624E1 /* BrnoMapViewModel.swift in Sources */ = {isa = PBXBuildFile; fileRef = 2AACDA092F5E6DF100E624E1 /* BrnoMapViewModel.swift */; };
		2AACDA2F2F5E6DF100E624E1 /* DetailStationPanel.swift in Sources */ = {isa = PBXBuildFile; fileRef = 2AACDA112F5E6DF100E624E1 /* DetailStationPanel.swift */; };
		2AACDA302F5E6DF100E624E1 /* KontejneryService.swift in Sources */ = {isa = PBXBuildFile; fileRef = 2AACD9F82F5E6DF100E624E1 /* KontejneryService.swift */; };
		2AACDA312F5E6DF100E624E1 /* LoadingView.swift in Sources */ = {isa = PBXBuildFile; fileRef = 2AACDA042F5E6DF100E624E1 /* LoadingView.swift */; };
		2AACDA322F5E6DF100E624E1 /* FiltersBar.swift in Sources */ = {isa = PBXBuildFile; fileRef = 2AACD9FD2F5E6DF100E624E1 /* FiltersBar.swift */; };
		2AACDA332F5E6DF100E624E1 /* WasteStatistics.swift in Sources */ = {isa = PBXBuildFile; fileRef = 2AACD9F62F5E6DF100E624E1 /* WasteStatistics.swift */; };
		2AACDA342F5E6DF100E624E1 /* TrashIcon.swift in Sources */ = {isa = PBXBuildFile; fileRef = 2AACDA022F5E6DF100E624E1 /* TrashIcon.swift */; };
		2AACDA352F5E6DF100E624E1 /* SearchCompleter.swift in Sources */ = {isa = PBXBuildFile; fileRef = 2AACD9FA2F5E6DF100E624E1 /* SearchCompleter.swift */; };
		2AACDA362F5E6DF100E624E1 /* QuickNavPanel.swift in Sources */ = {isa = PBXBuildFile; fileRef = 2AACD9FF2F5E6DF100E624E1 /* QuickNavPanel.swift */; };
		2AACDA372F5E6DF100E624E1 /* WastedBrnoApp.swift in Sources */ = {isa = PBXBuildFile; fileRef = 2AACDA1A2F5E6DF100E624E1 /* WastedBrnoApp.swift */; };
		2AACDA382F5E6DF100E624E1 /* WasteFilter.swift in Sources */ = {isa = PBXBuildFile; fileRef = 2AACD9F22F5E6DF100E624E1 /* WasteFilter.swift */; };
		2AACDA392F5E6DF100E624E1 /* WasteKind.swift in Sources */ = {isa = PBXBuildFile; fileRef = 2AACD9F32F5E6DF100E624E1 /* WasteKind.swift */; };
		2AACDA3A2F5E6DF100E624E1 /* InfoView.swift in Sources */ = {isa = PBXBuildFile; fileRef = 2AACDA0C2F5E6DF100E624E1 /* InfoView.swift */; };
/* End PBXBuildFile section */

/* Begin PBXContainerItemProxy section */
		2AA3FAFB2F29A47B00194DE9 /* PBXContainerItemProxy */ = {
			isa = PBXContainerItemProxy;
			containerPortal = 2AA3FAE52F29A47A00194DE9 /* Project object */;
			proxyType = 1;
			remoteGlobalIDString = 2AA3FAEC2F29A47A00194DE9;
			remoteInfo = Brno;
		};
		2AA3FB052F29A47B00194DE9 /* PBXContainerItemProxy */ = {
			isa = PBXContainerItemProxy;
			containerPortal = 2AA3FAE52F29A47A00194DE9 /* Project object */;
			proxyType = 1;
			remoteGlobalIDString = 2AA3FAEC2F29A47A00194DE9;
			remoteInfo = Brno;
		};
/* End PBXContainerItemProxy section */

/* Begin PBXFileReference section */
		2AA3FAED2F29A47A00194DE9 /* WastedBrno.app */ = {isa = PBXFileReference; explicitFileType = wrapper.application; includeInIndex = 0; path = WastedBrno.app; sourceTree = BUILT_PRODUCTS_DIR; };
		2AA3FAFA2F29A47B00194DE9 /* WastedBrnoTests.xctest */ = {isa = PBXFileReference; explicitFileType = wrapper.cfbundle; includeInIndex = 0; path = WastedBrnoTests.xctest; sourceTree = BUILT_PRODUCTS_DIR; };
		2AA3FB042F29A47B00194DE9 /* WastedBrnoUITests.xctest */ = {isa = PBXFileReference; explicitFileType = wrapper.cfbundle; includeInIndex = 0; path = WastedBrnoUITests.xctest; sourceTree = BUILT_PRODUCTS_DIR; };
		2AACD9F22F5E6DF100E624E1 /* WasteFilter.swift */ = {isa = PBXFileReference; lastKnownFileType = sourcecode.swift; path = WasteFilter.swift; sourceTree = "<group>"; };
		2AACD9F32F5E6DF100E624E1 /* WasteKind.swift */ = {isa = PBXFileReference; lastKnownFileType = sourcecode.swift; path = WasteKind.swift; sourceTree = "<group>"; };
		2AACD9F42F5E6DF100E624E1 /* WasteKindData.json */ = {isa = PBXFileReference; lastKnownFileType = text.json; path = WasteKindData.json; sourceTree = "<group>"; };
		2AACD9F52F5E6DF100E624E1 /* WasteStation.swift */ = {isa = PBXFileReference; lastKnownFileType = sourcecode.swift; path = WasteStation.swift; sourceTree = "<group>"; };
		2AACD9F62F5E6DF100E624E1 /* WasteStatistics.swift */ = {isa = PBXFileReference; lastKnownFileType = sourcecode.swift; path = WasteStatistics.swift; sourceTree = "<group>"; };
		2AACD9F82F5E6DF100E624E1 /* KontejneryService.swift */ = {isa = PBXFileReference; lastKnownFileType = sourcecode.swift; path = KontejneryService.swift; sourceTree = "<group>"; };
		2AACD9F92F5E6DF100E624E1 /* LocationManager.swift */ = {isa = PBXFileReference; lastKnownFileType = sourcecode.swift; path = LocationManager.swift; sourceTree = "<group>"; };
		2AACD9FA2F5E6DF100E624E1 /* SearchCompleter.swift */ = {isa = PBXFileReference; lastKnownFileType = sourcecode.swift; path = SearchCompleter.swift; sourceTree = "<group>"; };
		2AACD9FC2F5E6DF100E624E1 /* ButtonStyles.swift */ = {isa = PBXFileReference; lastKnownFileType = sourcecode.swift; path = ButtonStyles.swift; sourceTree = "<group>"; };
		2AACD9FD2F5E6DF100E624E1 /* FiltersBar.swift */ = {isa = PBXFileReference; lastKnownFileType = sourcecode.swift; path = FiltersBar.swift; sourceTree = "<group>"; };
		2AACD9FE2F5E6DF100E624E1 /* MapActionButtons.swift */ = {isa = PBXFileReference; lastKnownFileType = sourcecode.swift; path = MapActionButtons.swift; sourceTree = "<group>"; };
		2AACD9FF2F5E6DF100E624E1 /* QuickNavPanel.swift */ = {isa = PBXFileReference; lastKnownFileType = sourcecode.swift; path = QuickNavPanel.swift; sourceTree = "<group>"; };
		2AACDA002F5E6DF100E624E1 /* ShapeHelpers.swift */ = {isa = PBXFileReference; lastKnownFileType = sourcecode.swift; path = ShapeHelpers.swift; sourceTree = "<group>"; };
		2AACDA012F5E6DF100E624E1 /* StationPin.swift */ = {isa = PBXFileReference; lastKnownFileType = sourcecode.swift; path = StationPin.swift; sourceTree = "<group>"; };
		2AACDA022F5E6DF100E624E1 /* TrashIcon.swift */ = {isa = PBXFileReference; lastKnownFileType = sourcecode.swift; path = TrashIcon.swift; sourceTree = "<group>"; };
		2AACDA042F5E6DF100E624E1 /* LoadingView.swift */ = {isa = PBXFileReference; lastKnownFileType = sourcecode.swift; path = LoadingView.swift; sourceTree = "<group>"; };
		2AACDA052F5E6DF100E624E1 /* SwipeIndicator.swift */ = {isa = PBXFileReference; lastKnownFileType = sourcecode.swift; path = SwipeIndicator.swift; sourceTree = "<group>"; };
		2AACDA082F5E6DF100E624E1 /* AppViewModel.swift */ = {isa = PBXFileReference; lastKnownFileType = sourcecode.swift; path = AppViewModel.swift; sourceTree = "<group>"; };
		2AACDA092F5E6DF100E624E1 /* BrnoMapViewModel.swift */ = {isa = PBXFileReference; lastKnownFileType = sourcecode.swift; path = BrnoMapViewModel.swift; sourceTree = "<group>"; };
		2AACDA0A2F5E6DF100E624E1 /* InfoViewModel.swift */ = {isa = PBXFileReference; lastKnownFileType = sourcecode.swift; path = InfoViewModel.swift; sourceTree = "<group>"; };
		2AACDA0C2F5E6DF100E624E1 /* InfoView.swift */ = {isa = PBXFileReference; lastKnownFileType = sourcecode.swift; path = InfoView.swift; sourceTree = "<group>"; };
		2AACDA0D2F5E6DF100E624E1 /* WasteDetailView.swift */ = {isa = PBXFileReference; lastKnownFileType = sourcecode.swift; path = WasteDetailView.swift; sourceTree = "<group>"; };
		2AACDA0E2F5E6DF100E624E1 /* WasteStatsChart.swift */ = {isa = PBXFileReference; lastKnownFileType = sourcecode.swift; path = WasteStatsChart.swift; sourceTree = "<group>"; };
		2AACDA102F5E6DF100E624E1 /* BrnoView.swift */ = {isa = PBXFileReference; lastKnownFileType = sourcecode.swift; path = BrnoView.swift; sourceTree = "<group>"; };
		2AACDA112F5E6DF100E624E1 /* DetailStationPanel.swift */ = {isa = PBXFileReference; lastKnownFileType = sourcecode.swift; path = DetailStationPanel.swift; sourceTree = "<group>"; };
		2AACDA132F5E6DF100E624E1 /* WelcomeView.swift */ = {isa = PBXFileReference; lastKnownFileType = sourcecode.swift; path = WelcomeView.swift; sourceTree = "<group>"; };
		2AACDA152F5E6DF100E624E1 /* AppView.swift */ = {isa = PBXFileReference; lastKnownFileType = sourcecode.swift; path = AppView.swift; sourceTree = "<group>"; };
		2AACDA172F5E6DF100E624E1 /* Assets.xcassets */ = {isa = PBXFileReference; lastKnownFileType = folder.assetcatalog; path = Assets.xcassets; sourceTree = "<group>"; };
		2AACDA182F5E6DF100E624E1 /* Brno.gpx */ = {isa = PBXFileReference; lastKnownFileType = text.xml; path = Brno.gpx; sourceTree = "<group>"; };
		2AACDA192F5E6DF100E624E1 /* Info.plist */ = {isa = PBXFileReference; lastKnownFileType = text.plist.xml; path = Info.plist; sourceTree = "<group>"; };
		2AACDA1A2F5E6DF100E624E1 /* WastedBrnoApp.swift */ = {isa = PBXFileReference; lastKnownFileType = sourcecode.swift; path = WastedBrnoApp.swift; sourceTree = "<group>"; };
/* End PBXFileReference section */

/* Begin PBXFileSystemSynchronizedRootGroup section */
		2AA3FAFD2F29A47B00194DE9 /* WastedBrnoTests */ = {
			isa = PBXFileSystemSynchronizedRootGroup;
			path = WastedBrnoTests;
			sourceTree = "<group>";
		};
		2AA3FB072F29A47B00194DE9 /* WastedBrnoUITests */ = {
			isa = PBXFileSystemSynchronizedRootGroup;
			path = WastedBrnoUITests;
			sourceTree = "<group>";
		};
/* End PBXFileSystemSynchronizedRootGroup section */

/* Begin PBXFrameworksBuildPhase section */
		2AA3FAEA2F29A47A00194DE9 /* Frameworks */ = {
			isa = PBXFrameworksBuildPhase;
			buildActionMask = 2147483647;
			files = (
			);
			runOnlyForDeploymentPostprocessing = 0;
		};
		2AA3FAF72F29A47B00194DE9 /* Frameworks */ = {
			isa = PBXFrameworksBuildPhase;
			buildActionMask = 2147483647;
			files = (
			);
			runOnlyForDeploymentPostprocessing = 0;
		};
		2AA3FB012F29A47B00194DE9 /* Frameworks */ = {
			isa = PBXFrameworksBuildPhase;
			buildActionMask = 2147483647;
			files = (
			);
			runOnlyForDeploymentPostprocessing = 0;
		};
/* End PBXFrameworksBuildPhase section */

/* Begin PBXGroup section */
		2AA3FAE42F29A47A00194DE9 = {
			isa = PBXGroup;
			children = (
				2AACDA1B2F5E6DF100E624E1 /* WastedBrno */,
				2AA3FAFD2F29A47B00194DE9 /* WastedBrnoTests */,
				2AA3FB072F29A47B00194DE9 /* WastedBrnoUITests */,
				2AA3FAEE2F29A47A00194DE9 /* Products */,
			);
			sourceTree = "<group>";
		};
		2AA3FAEE2F29A47A00194DE9 /* Products */ = {
			isa = PBXGroup;
			children = (
				2AA3FAED2F29A47A00194DE9 /* WastedBrno.app */,
				2AA3FAFA2F29A47B00194DE9 /* WastedBrnoTests.xctest */,
				2AA3FB042F29A47B00194DE9 /* WastedBrnoUITests.xctest */,
			);
			name = Products;
			sourceTree = "<group>";
		};
		2AACD9F72F5E6DF100E624E1 /* Models */ = {
			isa = PBXGroup;
			children = (
				2AACD9F22F5E6DF100E624E1 /* WasteFilter.swift */,
				2AACD9F32F5E6DF100E624E1 /* WasteKind.swift */,
				2AACD9F42F5E6DF100E624E1 /* WasteKindData.json */,
				2AACD9F52F5E6DF100E624E1 /* WasteStation.swift */,
				2AACD9F62F5E6DF100E624E1 /* WasteStatistics.swift */,
			);
			path = Models;
			sourceTree = "<group>";
		};
		2AACD9FB2F5E6DF100E624E1 /* Services */ = {
			isa = PBXGroup;
			children = (
				2AACD9F82F5E6DF100E624E1 /* KontejneryService.swift */,
				2AACD9F92F5E6DF100E624E1 /* LocationManager.swift */,
				2AACD9FA2F5E6DF100E624E1 /* SearchCompleter.swift */,
			);
			path = Services;
			sourceTree = "<group>";
		};
		2AACDA032F5E6DF100E624E1 /* Components */ = {
			isa = PBXGroup;
			children = (
				2AACD9FC2F5E6DF100E624E1 /* ButtonStyles.swift */,
				2AACD9FD2F5E6DF100E624E1 /* FiltersBar.swift */,
				2AACD9FE2F5E6DF100E624E1 /* MapActionButtons.swift */,
				2AACD9FF2F5E6DF100E624E1 /* QuickNavPanel.swift */,
				2AACDA002F5E6DF100E624E1 /* ShapeHelpers.swift */,
				2AACDA012F5E6DF100E624E1 /* StationPin.swift */,
				2AACDA022F5E6DF100E624E1 /* TrashIcon.swift */,
			);
			path = Components;
			sourceTree = "<group>";
		};
		2AACDA062F5E6DF100E624E1 /* Transitions */ = {
			isa = PBXGroup;
			children = (
				2AACDA042F5E6DF100E624E1 /* LoadingView.swift */,
				2AACDA052F5E6DF100E624E1 /* SwipeIndicator.swift */,
			);
			path = Transitions;
			sourceTree = "<group>";
		};
		2AACDA072F5E6DF100E624E1 /* UI */ = {
			isa = PBXGroup;
			children = (
				2AACDA032F5E6DF100E624E1 /* Components */,
				2AACDA062F5E6DF100E624E1 /* Transitions */,
			);
			path = UI;
			sourceTree = "<group>";
		};
		2AACDA0B2F5E6DF100E624E1 /* ViewModels */ = {
			isa = PBXGroup;
			children = (
				2AACDA082F5E6DF100E624E1 /* AppViewModel.swift */,
				2AACDA092F5E6DF100E624E1 /* BrnoMapViewModel.swift */,
				2AACDA0A2F5E6DF100E624E1 /* InfoViewModel.swift */,
			);
			path = ViewModels;
			sourceTree = "<group>";
		};
		2AACDA0F2F5E6DF100E624E1 /* Info */ = {
			isa = PBXGroup;
			children = (
				2AACDA0C2F5E6DF100E624E1 /* InfoView.swift */,
				2AACDA0D2F5E6DF100E624E1 /* WasteDetailView.swift */,
				2AACDA0E2F5E6DF100E624E1 /* WasteStatsChart.swift */,
			);
			path = Info;
			sourceTree = "<group>";
		};
		2AACDA122F5E6DF100E624E1 /* Map */ = {
			isa = PBXGroup;
			children = (
				2AACDA102F5E6DF100E624E1 /* BrnoView.swift */,
				2AACDA112F5E6DF100E624E1 /* DetailStationPanel.swift */,
			);
			path = Map;
			sourceTree = "<group>";
		};
		2AACDA142F5E6DF100E624E1 /* Welcome */ = {
			isa = PBXGroup;
			children = (
				2AACDA132F5E6DF100E624E1 /* WelcomeView.swift */,
			);
			path = Welcome;
			sourceTree = "<group>";
		};
		2AACDA162F5E6DF100E624E1 /* Views */ = {
			isa = PBXGroup;
			children = (
				2AACDA0F2F5E6DF100E624E1 /* Info */,
				2AACDA122F5E6DF100E624E1 /* Map */,
				2AACDA142F5E6DF100E624E1 /* Welcome */,
				2AACDA152F5E6DF100E624E1 /* AppView.swift */,
			);
			path = Views;
			sourceTree = "<group>";
		};
		2AACDA1B2F5E6DF100E624E1 /* WastedBrno */ = {
			isa = PBXGroup;
			children = (
				2AACD9F72F5E6DF100E624E1 /* Models */,
				2AACD9FB2F5E6DF100E624E1 /* Services */,
				2AACDA072F5E6DF100E624E1 /* UI */,
				2AACDA0B2F5E6DF100E624E1 /* ViewModels */,
				2AACDA162F5E6DF100E624E1 /* Views */,
				2AACDA172F5E6DF100E624E1 /* Assets.xcassets */,
				2AACDA182F5E6DF100E624E1 /* Brno.gpx */,
				2AACDA192F5E6DF100E624E1 /* Info.plist */,
				2AACDA1A2F5E6DF100E624E1 /* WastedBrnoApp.swift */,
			);
			path = WastedBrno;
			sourceTree = "<group>";
		};
/* End PBXGroup section */

/* Begin PBXNativeTarget section */
		2AA3FAEC2F29A47A00194DE9 /* WastedBrno */ = {
			isa = PBXNativeTarget;
			buildConfigurationList = 2AA3FB0E2F29A47B00194DE9 /* Build configuration list for PBXNativeTarget "WastedBrno" */;
			buildPhases = (
				2AA3FAE92F29A47A00194DE9 /* Sources */,
				2AA3FAEA2F29A47A00194DE9 /* Frameworks */,
				2AA3FAEB2F29A47A00194DE9 /* Resources */,
			);
			buildRules = (
			);
			dependencies = (
			);
			name = WastedBrno;
			packageProductDependencies = (
			);
			productName = Brno;
			productReference = 2AA3FAED2F29A47A00194DE9 /* WastedBrno.app */;
			productType = "com.apple.product-type.application";
		};
		2AA3FAF92F29A47B00194DE9 /* WastedBrnoTests */ = {
			isa = PBXNativeTarget;
			buildConfigurationList = 2AA3FB112F29A47B00194DE9 /* Build configuration list for PBXNativeTarget "WastedBrnoTests" */;
			buildPhases = (
				2AA3FAF62F29A47B00194DE9 /* Sources */,
				2AA3FAF72F29A47B00194DE9 /* Frameworks */,
				2AA3FAF82F29A47B00194DE9 /* Resources */,
			);
			buildRules = (
			);
			dependencies = (
				2AA3FAFC2F29A47B00194DE9 /* PBXTargetDependency */,
			);
			fileSystemSynchronizedGroups = (
				2AA3FAFD2F29A47B00194DE9 /* WastedBrnoTests */,
			);
			name = WastedBrnoTests;
			packageProductDependencies = (
			);
			productName = BrnoTests;
			productReference = 2AA3FAFA2F29A47B00194DE9 /* WastedBrnoTests.xctest */;
			productType = "com.apple.product-type.bundle.unit-test";
		};
		2AA3FB032F29A47B00194DE9 /* WastedBrnoUITests */ = {
			isa = PBXNativeTarget;
			buildConfigurationList = 2AA3FB142F29A47B00194DE9 /* Build configuration list for PBXNativeTarget "WastedBrnoUITests" */;
			buildPhases = (
				2AA3FB002F29A47B00194DE9 /* Sources */,
				2AA3FB012F29A47B00194DE9 /* Frameworks */,
				2AA3FB022F29A47B00194DE9 /* Resources */,
			);
			buildRules = (
			);
			dependencies = (
				2AA3FB062F29A47B00194DE9 /* PBXTargetDependency */,
			);
			fileSystemSynchronizedGroups = (
				2AA3FB072F29A47B00194DE9 /* WastedBrnoUITests */,
			);
			name = WastedBrnoUITests;
			packageProductDependencies = (
			);
			productName = BrnoUITests;
			productReference = 2AA3FB042F29A47B00194DE9 /* WastedBrnoUITests.xctest */;
			productType = "com.apple.product-type.bundle.ui-testing";
		};
/* End PBXNativeTarget section */

/* Begin PBXProject section */
		2AA3FAE52F29A47A00194DE9 /* Project object */ = {
			isa = PBXProject;
			attributes = {
				BuildIndependentTargetsInParallel = 1;
				LastSwiftUpdateCheck = 1640;
				LastUpgradeCheck = 2620;
				TargetAttributes = {
					2AA3FAEC2F29A47A00194DE9 = {
						CreatedOnToolsVersion = 16.4;
					};
					2AA3FAF92F29A47B00194DE9 = {
						CreatedOnToolsVersion = 16.4;
						TestTargetID = 2AA3FAEC2F29A47A00194DE9;
					};
					2AA3FB032F29A47B00194DE9 = {
						CreatedOnToolsVersion = 16.4;
						TestTargetID = 2AA3FAEC2F29A47A00194DE9;
					};
				};
			};
			buildConfigurationList = 2AA3FAE82F29A47A00194DE9 /* Build configuration list for PBXProject "WastedBrno" */;
			developmentRegion = en;
			hasScannedForEncodings = 0;
			knownRegions = (
				en,
				Base,
			);
			mainGroup = 2AA3FAE42F29A47A00194DE9;
			minimizedProjectReferenceProxies = 1;
			preferredProjectObjectVersion = 77;
			productRefGroup = 2AA3FAEE2F29A47A00194DE9 /* Products */;
			projectDirPath = "";
			projectRoot = "";
			targets = (
				2AA3FAEC2F29A47A00194DE9 /* WastedBrno */,
				2AA3FAF92F29A47B00194DE9 /* WastedBrnoTests */,
				2AA3FB032F29A47B00194DE9 /* WastedBrnoUITests */,
			);
		};
/* End PBXProject section */

/* Begin PBXResourcesBuildPhase section */
		2AA3FAEB2F29A47A00194DE9 /* Resources */ = {
			isa = PBXResourcesBuildPhase;
			buildActionMask = 2147483647;
			files = (
				2AACDA1C2F5E6DF100E624E1 /* Brno.gpx in Resources */,
				2AACDA1E2F5E6DF100E624E1 /* WasteKindData.json in Resources */,
				2AACDA1F2F5E6DF100E624E1 /* Assets.xcassets in Resources */,
			);
			runOnlyForDeploymentPostprocessing = 0;
		};
		2AA3FAF82F29A47B00194DE9 /* Resources */ = {
			isa = PBXResourcesBuildPhase;
			buildActionMask = 2147483647;
			files = (
			);
			runOnlyForDeploymentPostprocessing = 0;
		};
		2AA3FB022F29A47B00194DE9 /* Resources */ = {
			isa = PBXResourcesBuildPhase;
			buildActionMask = 2147483647;
			files = (
			);
			runOnlyForDeploymentPostprocessing = 0;
		};
/* End PBXResourcesBuildPhase section */

/* Begin PBXSourcesBuildPhase section */
		2AA3FAE92F29A47A00194DE9 /* Sources */ = {
			isa = PBXSourcesBuildPhase;
			buildActionMask = 2147483647;
			files = (
				2AACDA202F5E6DF100E624E1 /* ShapeHelpers.swift in Sources */,
				2AACDA212F5E6DF100E624E1 /* StationPin.swift in Sources */,
				2AACDA222F5E6DF100E624E1 /* WasteDetailView.swift in Sources */,
				2AACDA232F5E6DF100E624E1 /* AppView.swift in Sources */,
				2AACDA242F5E6DF100E624E1 /* SwipeIndicator.swift in Sources */,
				2AACDA252F5E6DF100E624E1 /* BrnoView.swift in Sources */,
				2AACDA262F5E6DF100E624E1 /* MapActionButtons.swift in Sources */,
				2AACDA272F5E6DF100E624E1 /* ButtonStyles.swift in Sources */,
				2AACDA282F5E6DF100E624E1 /* LocationManager.swift in Sources */,
				2AACDA292F5E6DF100E624E1 /* AppViewModel.swift in Sources */,
				2AACDA2A2F5E6DF100E624E1 /* WasteStatsChart.swift in Sources */,
				2AACDA2B2F5E6DF100E624E1 /* WasteStation.swift in Sources */,
				2AACDA2C2F5E6DF100E624E1 /* InfoViewModel.swift in Sources */,
				2AACDA2D2F5E6DF100E624E1 /* WelcomeView.swift in Sources */,
				2AACDA2E2F5E6DF100E624E1 /* BrnoMapViewModel.swift in Sources */,
				2AACDA2F2F5E6DF100E624E1 /* DetailStationPanel.swift in Sources */,
				2AACDA302F5E6DF100E624E1 /* KontejneryService.swift in Sources */,
				2AACDA312F5E6DF100E624E1 /* LoadingView.swift in Sources */,
				2AACDA322F5E6DF100E624E1 /* FiltersBar.swift in Sources */,
				2AACDA332F5E6DF100E624E1 /* WasteStatistics.swift in Sources */,
				2AACDA342F5E6DF100E624E1 /* TrashIcon.swift in Sources */,
				2AACDA352F5E6DF100E624E1 /* SearchCompleter.swift in Sources */,
				2AACDA362F5E6DF100E624E1 /* QuickNavPanel.swift in Sources */,
				2AACDA372F5E6DF100E624E1 /* WastedBrnoApp.swift in Sources */,
				2AACDA382F5E6DF100E624E1 /* WasteFilter.swift in Sources */,
				2AACDA392F5E6DF100E624E1 /* WasteKind.swift in Sources */,
				2AACDA3A2F5E6DF100E624E1 /* InfoView.swift in Sources */,
			);
			runOnlyForDeploymentPostprocessing = 0;
		};
		2AA3FAF62F29A47B00194DE9 /* Sources */ = {
			isa = PBXSourcesBuildPhase;
			buildActionMask = 2147483647;
			files = (
			);
			runOnlyForDeploymentPostprocessing = 0;
		};
		2AA3FB002F29A47B00194DE9 /* Sources */ = {
			isa = PBXSourcesBuildPhase;
			buildActionMask = 2147483647;
			files = (
			);
			runOnlyForDeploymentPostprocessing = 0;
		};
/* End PBXSourcesBuildPhase section */

/* Begin PBXTargetDependency section */
		2AA3FAFC2F29A47B00194DE9 /* PBXTargetDependency */ = {
			isa = PBXTargetDependency;
			target = 2AA3FAEC2F29A47A00194DE9 /* WastedBrno */;
			targetProxy = 2AA3FAFB2F29A47B00194DE9 /* PBXContainerItemProxy */;
		};
		2AA3FB062F29A47B00194DE9 /* PBXTargetDependency */ = {
			isa = PBXTargetDependency;
			target = 2AA3FAEC2F29A47A00194DE9 /* WastedBrno */;
			targetProxy = 2AA3FB052F29A47B00194DE9 /* PBXContainerItemProxy */;
		};
/* End PBXTargetDependency section */

/* Begin XCBuildConfiguration section */
		2AA3FB0C2F29A47B00194DE9 /* Debug */ = {
			isa = XCBuildConfiguration;
			buildSettings = {
				ALWAYS_SEARCH_USER_PATHS = NO;
				ASSETCATALOG_COMPILER_GENERATE_SWIFT_ASSET_SYMBOL_EXTENSIONS = YES;
				CLANG_ANALYZER_NONNULL = YES;
				CLANG_ANALYZER_NUMBER_OBJECT_CONVERSION = YES_AGGRESSIVE;
				CLANG_CXX_LANGUAGE_STANDARD = "gnu++20";
				CLANG_ENABLE_MODULES = YES;
				CLANG_ENABLE_OBJC_ARC = YES;
				CLANG_ENABLE_OBJC_WEAK = YES;
				CLANG_WARN_BLOCK_CAPTURE_AUTORELEASING = YES;
				CLANG_WARN_BOOL_CONVERSION = YES;
				CLANG_WARN_COMMA = YES;
				CLANG_WARN_CONSTANT_CONVERSION = YES;
				CLANG_WARN_DEPRECATED_OBJC_IMPLEMENTATIONS = YES;
				CLANG_WARN_DIRECT_OBJC_ISA_USAGE = YES_ERROR;
				CLANG_WARN_DOCUMENTATION_COMMENTS = YES;
				CLANG_WARN_EMPTY_BODY = YES;
				CLANG_WARN_ENUM_CONVERSION = YES;
				CLANG_WARN_INFINITE_RECURSION = YES;
				CLANG_WARN_INT_CONVERSION = YES;
				CLANG_WARN_NON_LITERAL_NULL_CONVERSION = YES;
				CLANG_WARN_OBJC_IMPLICIT_RETAIN_SELF = YES;
				CLANG_WARN_OBJC_LITERAL_CONVERSION = YES;
				CLANG_WARN_OBJC_ROOT_CLASS = YES_ERROR;
				CLANG_WARN_QUOTED_INCLUDE_IN_FRAMEWORK_HEADER = YES;
				CLANG_WARN_RANGE_LOOP_ANALYSIS = YES;
				CLANG_WARN_STRICT_PROTOTYPES = YES;
				CLANG_WARN_SUSPICIOUS_MOVE = YES;
				CLANG_WARN_UNGUARDED_AVAILABILITY = YES_AGGRESSIVE;
				CLANG_WARN_UNREACHABLE_CODE = YES;
				CLANG_WARN__DUPLICATE_METHOD_MATCH = YES;
				COPY_PHASE_STRIP = NO;
				DEBUG_INFORMATION_FORMAT = dwarf;
				DEVELOPMENT_TEAM = J42JFKHY6Z;
				ENABLE_STRICT_OBJC_MSGSEND = YES;
				ENABLE_TESTABILITY = YES;
				ENABLE_USER_SCRIPT_SANDBOXING = YES;
				GCC_C_LANGUAGE_STANDARD = gnu17;
				GCC_DYNAMIC_NO_PIC = NO;
				GCC_NO_COMMON_BLOCKS = YES;
				GCC_OPTIMIZATION_LEVEL = 0;
				GCC_PREPROCESSOR_DEFINITIONS = (
					"DEBUG=1",
					"$(inherited)",
				);
				GCC_WARN_64_TO_32_BIT_CONVERSION = YES;
				GCC_WARN_ABOUT_RETURN_TYPE = YES_ERROR;
				GCC_WARN_UNDECLARED_SELECTOR = YES;
				GCC_WARN_UNINITIALIZED_AUTOS = YES_AGGRESSIVE;
				GCC_WARN_UNUSED_FUNCTION = YES;
				GCC_WARN_UNUSED_VARIABLE = YES;
				IPHONEOS_DEPLOYMENT_TARGET = 18.5;
				LOCALIZATION_PREFERS_STRING_CATALOGS = YES;
				MTL_ENABLE_DEBUG_INFO = INCLUDE_SOURCE;
				MTL_FAST_MATH = YES;
				ONLY_ACTIVE_ARCH = YES;
				SDKROOT = iphoneos;
				STRING_CATALOG_GENERATE_SYMBOLS = YES;
				SWIFT_ACTIVE_COMPILATION_CONDITIONS = "DEBUG $(inherited)";
				SWIFT_OPTIMIZATION_LEVEL = "-Onone";
			};
			name = Debug;
		};
		2AA3FB0D2F29A47B00194DE9 /* Release */ = {
			isa = XCBuildConfiguration;
			buildSettings = {
				ALWAYS_SEARCH_USER_PATHS = NO;
				ASSETCATALOG_COMPILER_GENERATE_SWIFT_ASSET_SYMBOL_EXTENSIONS = YES;
				CLANG_ANALYZER_NONNULL = YES;
				CLANG_ANALYZER_NUMBER_OBJECT_CONVERSION = YES_AGGRESSIVE;
				CLANG_CXX_LANGUAGE_STANDARD = "gnu++20";
				CLANG_ENABLE_MODULES = YES;
				CLANG_ENABLE_OBJC_ARC = YES;
				CLANG_ENABLE_OBJC_WEAK = YES;
				CLANG_WARN_BLOCK_CAPTURE_AUTORELEASING = YES;
				CLANG_WARN_BOOL_CONVERSION = YES;
				CLANG_WARN_COMMA = YES;
				CLANG_WARN_CONSTANT_CONVERSION = YES;
				CLANG_WARN_DEPRECATED_OBJC_IMPLEMENTATIONS = YES;
				CLANG_WARN_DIRECT_OBJC_ISA_USAGE = YES_ERROR;
				CLANG_WARN_DOCUMENTATION_COMMENTS = YES;
				CLANG_WARN_EMPTY_BODY = YES;
				CLANG_WARN_ENUM_CONVERSION = YES;
				CLANG_WARN_INFINITE_RECURSION = YES;
				CLANG_WARN_INT_CONVERSION = YES;
				CLANG_WARN_NON_LITERAL_NULL_CONVERSION = YES;
				CLANG_WARN_OBJC_IMPLICIT_RETAIN_SELF = YES;
				CLANG_WARN_OBJC_LITERAL_CONVERSION = YES;
				CLANG_WARN_OBJC_ROOT_CLASS = YES_ERROR;
				CLANG_WARN_QUOTED_INCLUDE_IN_FRAMEWORK_HEADER = YES;
				CLANG_WARN_RANGE_LOOP_ANALYSIS = YES;
				CLANG_WARN_STRICT_PROTOTYPES = YES;
				CLANG_WARN_SUSPICIOUS_MOVE = YES;
				CLANG_WARN_UNGUARDED_AVAILABILITY = YES_AGGRESSIVE;
				CLANG_WARN_UNREACHABLE_CODE = YES;
				CLANG_WARN__DUPLICATE_METHOD_MATCH = YES;
				COPY_PHASE_STRIP = NO;
				DEBUG_INFORMATION_FORMAT = "dwarf-with-dsym";
				DEVELOPMENT_TEAM = J42JFKHY6Z;
				ENABLE_NS_ASSERTIONS = NO;
				ENABLE_STRICT_OBJC_MSGSEND = YES;
				ENABLE_USER_SCRIPT_SANDBOXING = YES;
				GCC_C_LANGUAGE_STANDARD = gnu17;
				GCC_NO_COMMON_BLOCKS = YES;
				GCC_WARN_64_TO_32_BIT_CONVERSION = YES;
				GCC_WARN_ABOUT_RETURN_TYPE = YES_ERROR;
				GCC_WARN_UNDECLARED_SELECTOR = YES;
				GCC_WARN_UNINITIALIZED_AUTOS = YES_AGGRESSIVE;
				GCC_WARN_UNUSED_FUNCTION = YES;
				GCC_WARN_UNUSED_VARIABLE = YES;
				IPHONEOS_DEPLOYMENT_TARGET = 18.5;
				LOCALIZATION_PREFERS_STRING_CATALOGS = YES;
				MTL_ENABLE_DEBUG_INFO = NO;
				MTL_FAST_MATH = YES;
				SDKROOT = iphoneos;
				STRING_CATALOG_GENERATE_SYMBOLS = YES;
				SWIFT_COMPILATION_MODE = wholemodule;
				VALIDATE_PRODUCT = YES;
			};
			name = Release;
		};
		2AA3FB0F2F29A47B00194DE9 /* Debug */ = {
			isa = XCBuildConfiguration;
			buildSettings = {
				ASSETCATALOG_COMPILER_APPICON_NAME = AppIcon;
				ASSETCATALOG_COMPILER_GLOBAL_ACCENT_COLOR_NAME = AccentColor;
				CODE_SIGN_STYLE = Automatic;
				CURRENT_PROJECT_VERSION = 1;
				DEVELOPMENT_TEAM = J42JFKHY6Z;
				ENABLE_PREVIEWS = YES;
				GENERATE_INFOPLIST_FILE = YES;
				INFOPLIST_FILE = WastedBrno/Info.plist;
				INFOPLIST_KEY_CFBundleDisplayName = "";
				INFOPLIST_KEY_LSApplicationCategoryType = "";
				INFOPLIST_KEY_NSLocationWhenInUseUsageDescription = "Aplikace potřebuje vaši polohu pro zobrazení mapy odpadových kontejnerů v Brně";
				INFOPLIST_KEY_UIApplicationSceneManifest_Generation = YES;
				INFOPLIST_KEY_UIApplicationSupportsIndirectInputEvents = YES;
				INFOPLIST_KEY_UILaunchScreen_Generation = YES;
				INFOPLIST_KEY_UISupportedInterfaceOrientations_iPad = "UIInterfaceOrientationPortrait UIInterfaceOrientationPortraitUpsideDown UIInterfaceOrientationLandscapeLeft UIInterfaceOrientationLandscapeRight";
				INFOPLIST_KEY_UISupportedInterfaceOrientations_iPhone = "UIInterfaceOrientationPortrait UIInterfaceOrientationLandscapeLeft UIInterfaceOrientationLandscapeRight";
				LD_RUNPATH_SEARCH_PATHS = (
					"$(inherited)",
					"@executable_path/Frameworks",
				);
				MARKETING_VERSION = 1.0;
				PRODUCT_BUNDLE_IDENTIFIER = com.WastedBrno;
				PRODUCT_NAME = "$(TARGET_NAME)";
				SWIFT_EMIT_LOC_STRINGS = YES;
				SWIFT_VERSION = 5.0;
				TARGETED_DEVICE_FAMILY = "1,2";
			};
			name = Debug;
		};
		2AA3FB102F29A47B00194DE9 /* Release */ = {
			isa = XCBuildConfiguration;
			buildSettings = {
				ASSETCATALOG_COMPILER_APPICON_NAME = AppIcon;
				ASSETCATALOG_COMPILER_GLOBAL_ACCENT_COLOR_NAME = AccentColor;
				CODE_SIGN_STYLE = Automatic;
				CURRENT_PROJECT_VERSION = 1;
				DEVELOPMENT_TEAM = J42JFKHY6Z;
				ENABLE_PREVIEWS = YES;
				GENERATE_INFOPLIST_FILE = YES;
				INFOPLIST_FILE = WastedBrno/Info.plist;
				INFOPLIST_KEY_CFBundleDisplayName = "";
				INFOPLIST_KEY_LSApplicationCategoryType = "";
				INFOPLIST_KEY_NSLocationWhenInUseUsageDescription = "Aplikace potřebuje vaši polohu pro zobrazení mapy odpadových kontejnerů v Brně";
				INFOPLIST_KEY_UIApplicationSceneManifest_Generation = YES;
				INFOPLIST_KEY_UIApplicationSupportsIndirectInputEvents = YES;
				INFOPLIST_KEY_UILaunchScreen_Generation = YES;
				INFOPLIST_KEY_UISupportedInterfaceOrientations_iPad = "UIInterfaceOrientationPortrait UIInterfaceOrientationPortraitUpsideDown UIInterfaceOrientationLandscapeLeft UIInterfaceOrientationLandscapeRight";
				INFOPLIST_KEY_UISupportedInterfaceOrientations_iPhone = "UIInterfaceOrientationPortrait UIInterfaceOrientationLandscapeLeft UIInterfaceOrientationLandscapeRight";
				LD_RUNPATH_SEARCH_PATHS = (
					"$(inherited)",
					"@executable_path/Frameworks",
				);
				MARKETING_VERSION = 1.0;
				PRODUCT_BUNDLE_IDENTIFIER = com.WastedBrno;
				PRODUCT_NAME = "$(TARGET_NAME)";
				SWIFT_EMIT_LOC_STRINGS = YES;
				SWIFT_VERSION = 5.0;
				TARGETED_DEVICE_FAMILY = "1,2";
			};
			name = Release;
		};
		2AA3FB122F29A47B00194DE9 /* Debug */ = {
			isa = XCBuildConfiguration;
			buildSettings = {
				BUNDLE_LOADER = "$(TEST_HOST)";
				CODE_SIGN_STYLE = Automatic;
				CURRENT_PROJECT_VERSION = 1;
				DEVELOPMENT_TEAM = J42JFKHY6Z;
				GENERATE_INFOPLIST_FILE = YES;
				IPHONEOS_DEPLOYMENT_TARGET = 18.5;
				MARKETING_VERSION = 1.0;
				PRODUCT_BUNDLE_IDENTIFIER = "-1.BrnoTests";
				PRODUCT_NAME = "$(TARGET_NAME)";
				SWIFT_EMIT_LOC_STRINGS = NO;
				SWIFT_VERSION = 5.0;
				TARGETED_DEVICE_FAMILY = "1,2";
				TEST_HOST = "$(BUILT_PRODUCTS_DIR)/WastedBrno.app/$(BUNDLE_EXECUTABLE_FOLDER_PATH)/WastedBrno";
			};
			name = Debug;
		};
		2AA3FB132F29A47B00194DE9 /* Release */ = {
			isa = XCBuildConfiguration;
			buildSettings = {
				BUNDLE_LOADER = "$(TEST_HOST)";
				CODE_SIGN_STYLE = Automatic;
				CURRENT_PROJECT_VERSION = 1;
				DEVELOPMENT_TEAM = J42JFKHY6Z;
				GENERATE_INFOPLIST_FILE = YES;
				IPHONEOS_DEPLOYMENT_TARGET = 18.5;
				MARKETING_VERSION = 1.0;
				PRODUCT_BUNDLE_IDENTIFIER = "-1.BrnoTests";
				PRODUCT_NAME = "$(TARGET_NAME)";
				SWIFT_EMIT_LOC_STRINGS = NO;
				SWIFT_VERSION = 5.0;
				TARGETED_DEVICE_FAMILY = "1,2";
				TEST_HOST = "$(BUILT_PRODUCTS_DIR)/WastedBrno.app/$(BUNDLE_EXECUTABLE_FOLDER_PATH)/WastedBrno";
			};
			name = Release;
		};
		2AA3FB152F29A47B00194DE9 /* Debug */ = {
			isa = XCBuildConfiguration;
			buildSettings = {
				CODE_SIGN_STYLE = Automatic;
				CURRENT_PROJECT_VERSION = 1;
				DEVELOPMENT_TEAM = J42JFKHY6Z;
				GENERATE_INFOPLIST_FILE = YES;
				MARKETING_VERSION = 1.0;
				PRODUCT_BUNDLE_IDENTIFIER = "-1.BrnoUITests";
				PRODUCT_NAME = "$(TARGET_NAME)";
				SWIFT_EMIT_LOC_STRINGS = NO;
				SWIFT_VERSION = 5.0;
				TARGETED_DEVICE_FAMILY = "1,2";
				TEST_TARGET_NAME = Brno;
			};
			name = Debug;
		};
		2AA3FB162F29A47B00194DE9 /* Release */ = {
			isa = XCBuildConfiguration;
			buildSettings = {
				CODE_SIGN_STYLE = Automatic;
				CURRENT_PROJECT_VERSION = 1;
				DEVELOPMENT_TEAM = J42JFKHY6Z;
				GENERATE_INFOPLIST_FILE = YES;
				MARKETING_VERSION = 1.0;
				PRODUCT_BUNDLE_IDENTIFIER = "-1.BrnoUITests";
				PRODUCT_NAME = "$(TARGET_NAME)";
				SWIFT_EMIT_LOC_STRINGS = NO;
				SWIFT_VERSION = 5.0;
				TARGETED_DEVICE_FAMILY = "1,2";
				TEST_TARGET_NAME = Brno;
			};
			name = Release;
		};
/* End XCBuildConfiguration section */

/* Begin XCConfigurationList section */
		2AA3FAE82F29A47A00194DE9 /* Build configuration list for PBXProject "WastedBrno" */ = {
			isa = XCConfigurationList;
			buildConfigurations = (
				2AA3FB0C2F29A47B00194DE9 /* Debug */,
				2AA3FB0D2F29A47B00194DE9 /* Release */,
			);
			defaultConfigurationIsVisible = 0;
			defaultConfigurationName = Release;
		};
		2AA3FB0E2F29A47B00194DE9 /* Build configuration list for PBXNativeTarget "WastedBrno" */ = {
			isa = XCConfigurationList;
			buildConfigurations = (
				2AA3FB0F2F29A47B00194DE9 /* Debug */,
				2AA3FB102F29A47B00194DE9 /* Release */,
			);
			defaultConfigurationIsVisible = 0;
			defaultConfigurationName = Release;
		};
		2AA3FB112F29A47B00194DE9 /* Build configuration list for PBXNativeTarget "WastedBrnoTests" */ = {
			isa = XCConfigurationList;
			buildConfigurations = (
				2AA3FB122F29A47B00194DE9 /* Debug */,
				2AA3FB132F29A47B00194DE9 /* Release */,
			);
			defaultConfigurationIsVisible = 0;
			defaultConfigurationName = Release;
		};
		2AA3FB142F29A47B00194DE9 /* Build configuration list for PBXNativeTarget "WastedBrnoUITests" */ = {
			isa = XCConfigurationList;
			buildConfigurations = (
				2AA3FB152F29A47B00194DE9 /* Debug */,
				2AA3FB162F29A47B00194DE9 /* Release */,
			);
			defaultConfigurationIsVisible = 0;
			defaultConfigurationName = Release;
		};
/* End XCConfigurationList section */
	};
	rootObject = 2AA3FAE52F29A47A00194DE9 /* Project object */;
}
